// !$*UTF8*$!
{
	archiveVersion = 1;
	classes = {
	};
	objectVersion = 46;
	objects = {

/* Begin PBXBuildFile section */
		8F5B341D1AD81BBE0082A4A5 /* atom.c in Sources */ = {isa = PBXBuildFile; fileRef = 8F5B341C1AD81BBE0082A4A5 /* atom.c */; };
		8FF1AB221AD80CB800AF1B0D /* main.c in Sources */ = {isa = PBXBuildFile; fileRef = 8FF1AB211AD80CB800AF1B0D /* main.c */; };
/* End PBXBuildFile section */

/* Begin PBXCopyFilesBuildPhase section */
		8FF1AB1C1AD80CB800AF1B0D /* CopyFiles */ = {
			isa = PBXCopyFilesBuildPhase;
			buildActionMask = 2147483647;
			dstPath = /usr/share/man/man1/;
			dstSubfolderSpec = 0;
			files = (
			);
			runOnlyForDeploymentPostprocessing = 1;
		};
/* End PBXCopyFilesBuildPhase section */

/* Begin PBXFileReference section */
		8F5B341B1AD81A380082A4A5 /* atom.h */ = {isa = PBXFileReference; lastKnownFileType = sourcecode.c.h; path = atom.h; sourceTree = "<group>"; };
		8F5B341C1AD81BBE0082A4A5 /* atom.c */ = {isa = PBXFileReference; fileEncoding = 4; lastKnownFileType = sourcecode.c.c; path = atom.c; sourceTree = "<group>"; };
		8FF1AB1E1AD80CB800AF1B0D /* datestructures */ = {isa = PBXFileReference; explicitFileType = "compiled.mach-o.executable"; includeInIndex = 0; path = datestructures; sourceTree = BUILT_PRODUCTS_DIR; };
		8FF1AB211AD80CB800AF1B0D /* main.c */ = {isa = PBXFileReference; lastKnownFileType = sourcecode.c.c; path = main.c; sourceTree = "<group>"; };
/* End PBXFileReference section */

/* Begin PBXFrameworksBuildPhase section */
		8FF1AB1B1AD80CB800AF1B0D /* Frameworks */ = {
			isa = PBXFrameworksBuildPhase;
			buildActionMask = 2147483647;
			files = (
			);
			runOnlyForDeploymentPostprocessing = 0;
		};
/* End PBXFrameworksBuildPhase section */

/* Begin PBXGroup section */
		8FF1AB151AD80CB800AF1B0D = {
			isa = PBXGroup;
			children = (
				8FF1AB201AD80CB800AF1B0D /* datestructures */,
				8FF1AB1F1AD80CB800AF1B0D /* Products */,
			);
			sourceTree = "<group>";
		};
		8FF1AB1F1AD80CB800AF1B0D /* Products */ = {
			isa = PBXGroup;
			children = (
				8FF1AB1E1AD80CB800AF1B0D /* datestructures */,
			);
			name = Products;
			sourceTree = "<group>";
		};
		8FF1AB201AD80CB800AF1B0D /* datestructures */ = {
			isa = PBXGroup;
			children = (
				8FF1AB211AD80CB800AF1B0D /* main.c */,
				8F5B341B1AD81A380082A4A5 /* atom.h */,
				8F5B341C1AD81BBE0082A4A5 /* atom.c */,
			);
			path = datestructures;
			sourceTree = "<group>";
		};
/* End PBXGroup section */

/* Begin PBXNativeTarget section */
		8FF1AB1D1AD80CB800AF1B0D /* datestructures */ = {
			isa = PBXNativeTarget;
			buildConfigurationList = 8FF1AB251AD80CB800AF1B0D /* Build configuration list for PBXNativeTarget "datestructures" */;
			buildPhases = (
				8FF1AB1A1AD80CB800AF1B0D /* Sources */,
				8FF1AB1B1AD80CB800AF1B0D /* Frameworks */,
				8FF1AB1C1AD80CB800AF1B0D /* CopyFiles */,
			);
			buildRules = (
			);
			dependencies = (
			);
			name = datestructures;
			productName = datestructures;
			productReference = 8FF1AB1E1AD80CB800AF1B0D /* datestructures */;
			productType = "com.apple.product-type.tool";
		};
/* End PBXNativeTarget section */

/* Begin PBXProject section */
		8FF1AB161AD80CB800AF1B0D /* Project object */ = {
			isa = PBXProject;
			attributes = {
				LastUpgradeCheck = 0630;
				ORGANIZATIONNAME = judasnow;
				TargetAttributes = {
					8FF1AB1D1AD80CB800AF1B0D = {
						CreatedOnToolsVersion = 6.3;
					};
				};
			};
			buildConfigurationList = 8FF1AB191AD80CB800AF1B0D /* Build configuration list for PBXProject "datestructures" */;
			compatibilityVersion = "Xcode 3.2";
			developmentRegion = English;
			hasScannedForEncodings = 0;
			knownRegions = (
				en,
			);
			mainGroup = 8FF1AB151AD80CB800AF1B0D;
			productRefGroup = 8FF1AB1F1AD80CB800AF1B0D /* Products */;
			projectDirPath = "";
			projectRoot = "";
			targets = (
				8FF1AB1D1AD80CB800AF1B0D /* datestructures */,
			);
		};
/* End PBXProject section */

/* Begin PBXSourcesBuildPhase section */
		8FF1AB1A1AD80CB800AF1B0D /* Sources */ = {
			isa = PBXSourcesBuildPhase;
			buildActionMask = 2147483647;
			files = (
				8F5B341D1AD81BBE0082A4A5 /* atom.c in Sources */,
				8FF1AB221AD80CB800AF1B0D /* main.c in Sources */,
			);
			runOnlyForDeploymentPostprocessing = 0;
		};
/* End PBXSourcesBuildPhase section */

/* Begin XCBuildConfiguration section */
		8FF1AB231AD80CB800AF1B0D /* Debug */ = {
			isa = XCBuildConfiguration;
			buildSettings = {
				ALWAYS_SEARCH_USER_PATHS = NO;
				CLANG_CXX_LANGUAGE_STANDARD = "gnu++0x";
				CLANG_CXX_LIBRARY = "libc++";
				CLANG_ENABLE_MODULES = YES;
				CLANG_ENABLE_OBJC_ARC = YES;
				CLANG_WARN_BOOL_CONVERSION = YES;
				CLANG_WARN_CONSTANT_CONVERSION = YES;
				CLANG_WARN_DIRECT_OBJC_ISA_USAGE = YES_ERROR;
				CLANG_WARN_EMPTY_BODY = YES;
				CLANG_WARN_ENUM_CONVERSION = YES;
				CLANG_WARN_INT_CONVERSION = YES;
				CLANG_WARN_OBJC_ROOT_CLASS = YES_ERROR;
				CLANG_WARN_UNREACHABLE_CODE = YES;
				CLANG_WARN__DUPLICATE_METHOD_MATCH = YES;
				COPY_PHASE_STRIP = NO;
				DEBUG_INFORMATION_FORMAT = dwarf;
				ENABLE_STRICT_OBJC_MSGSEND = YES;
				GCC_C_LANGUAGE_STANDARD = gnu99;
				GCC_DYNAMIC_NO_PIC = NO;
				GCC_NO_COMMON_BLOCKS = YES;
				GCC_OPTIMIZATION_LEVEL = 0;
				GCC_PREPROCESSOR_DEFINITIONS = (
					"DEBUG=1",
					"$(inherited)",
				);
				GCC_SYMBOLS_PRIVATE_EXTERN = NO;
				GCC_WARN_64_TO_32_BIT_CONVERSION = YES;
				GCC_WARN_ABOUT_RETURN_TYPE = YES_ERROR;
				GCC_WARN_UNDECLARED_SELECTOR = YES;
				GCC_WARN_UNINITIALIZED_AUTOS = YES_AGGRESSIVE;
				GCC_WARN_UNUSED_FUNCTION = YES;
				GCC_WARN_UNUSED_VARIABLE = YES;
				MACOSX_DEPLOYMENT_TARGET = 10.10;
				MTL_ENABLE_DEBUG_INFO = YES;
				ONLY_ACTIVE_ARCH = YES;
				SDKROOT = macosx;
			};
			name = Debug;
		};
		8FF1AB241AD80CB800AF1B0D /* Release */ = {
			isa = XCBuildConfiguration;
			buildSettings = {
				ALWAYS_SEARCH_USER_PATHS = NO;
				CLANG_CXX_LANGUAGE_STANDARD = "gnu++0x";
				CLANG_CXX_LIBRARY = "libc++";
				CLANG_ENABLE_MODULES = YES;
				CLANG_ENABLE_OBJC_ARC = YES;
				CLANG_WARN_BOOL_CONVERSION = YES;
				CLANG_WARN_CONSTANT_CONVERSION = YES;
				CLANG_WARN_DIRECT_OBJC_ISA_USAGE = YES_ERROR;
				CLANG_WARN_EMPTY_BODY = YES;
				CLANG_WARN_ENUM_CONVERSION = YES;
				CLANG_WARN_INT_CONVERSION = YES;
				CLANG_WARN_OBJC_ROOT_CLASS = YES_ERROR;
				CLANG_WARN_UNREACHABLE_CODE = YES;
				CLANG_WARN__DUPLICATE_METHOD_MATCH = YES;
				COPY_PHASE_STRIP = NO;
				DEBUG_INFORMATION_FORMAT = "dwarf-with-dsym";
				ENABLE_NS_ASSERTIONS = NO;
				ENABLE_STRICT_OBJC_MSGSEND = YES;
				GCC_C_LANGUAGE_STANDARD = gnu99;
				GCC_NO_COMMON_BLOCKS = YES;
				GCC_WARN_64_TO_32_BIT_CONVERSION = YES;
				GCC_WARN_ABOUT_RETURN_TYPE = YES_ERROR;
				GCC_WARN_UNDECLARED_SELECTOR = YES;
				GCC_WARN_UNINITIALIZED_AUTOS = YES_AGGRESSIVE;
				GCC_WARN_UNUSED_FUNCTION = YES;
				GCC_WARN_UNUSED_VARIABLE = YES;
				MACOSX_DEPLOYMENT_TARGET = 10.10;
				MTL_ENABLE_DEBUG_INFO = NO;
				SDKROOT = macosx;
			};
			name = Release;
		};
		8FF1AB261AD80CB800AF1B0D /* Debug */ = {
			isa = XCBuildConfiguration;
			buildSettings = {
				PRODUCT_NAME = "$(TARGET_NAME)";
			};
			name = Debug;
		};
		8FF1AB271AD80CB800AF1B0D /* Release */ = {
			isa = XCBuildConfiguration;
			buildSettings = {
				PRODUCT_NAME = "$(TARGET_NAME)";
			};
			name = Release;
		};
/* End XCBuildConfiguration section */

/* Begin XCConfigurationList section */
		8FF1AB191AD80CB800AF1B0D /* Build configuration list for PBXProject "datestructures" */ = {
			isa = XCConfigurationList;
			buildConfigurations = (
				8FF1AB231AD80CB800AF1B0D /* Debug */,
				8FF1AB241AD80CB800AF1B0D /* Release */,
			);
			defaultConfigurationIsVisible = 0;
			defaultConfigurationName = Release;
		};
		8FF1AB251AD80CB800AF1B0D /* Build configuration list for PBXNativeTarget "datestructures" */ = {
			isa = XCConfigurationList;
			buildConfigurations = (
				8FF1AB261AD80CB800AF1B0D /* Debug */,
				8FF1AB271AD80CB800AF1B0D /* Release */,
			);
			defaultConfigurationIsVisible = 0;
			defaultConfigurationName = Release;
		};
/* End XCConfigurationList section */
	};
	rootObject = 8FF1AB161AD80CB800AF1B0D /* Project object */;
}
